
Microsoft Visual Studio Solution File, Format Version 12.00
# Visual Studio Version 17
VisualStudioVersion = 17.8.34511.84
MinimumVisualStudioVersion = 10.0.40219.1
Project("{FAE04EC0-301F-11D3-BF4B-00C04F79EFBC}") = "Ejercicio 1 Windows Forms - Progra III", "Ejercicio 1 Windows Forms - Progra III.csproj", "{3D83B8CF-66A2-4C16-816D-5A6B2D41E24F}"
EndProject
Global
	GlobalSection(SolutionConfigurationPlatforms) = preSolution
		Debug|Any CPU = Debug|Any CPU
		Release|Any CPU = Release|Any CPU
	EndGlobalSection
	GlobalSection(ProjectConfigurationPlatforms) = postSolution
		{3D83B8CF-66A2-4C16-816D-5A6B2D41E24F}.Debug|Any CPU.ActiveCfg = Debug|Any CPU
		{3D83B8CF-66A2-4C16-816D-5A6B2D41E24F}.Debug|Any CPU.Build.0 = Debug|Any CPU
		{3D83B8CF-66A2-4C16-816D-5A6B2D41E24F}.Release|Any CPU.ActiveCfg = Release|Any CPU
		{3D83B8CF-66A2-4C16-816D-5A6B2D41E24F}.Release|Any CPU.Build.0 = Release|Any CPU
	EndGlobalSection
	GlobalSection(SolutionProperties) = preSolution
		HideSolutionNode = FALSE
	EndGlobalSection
	GlobalSection(ExtensibilityGlobals) = postSolution
		SolutionGuid = {CFDC4DD5-9F76-4011-8BA7-4300A18A8492}
	EndGlobalSection
EndGlobal
